// !$*UTF8*$!
{
	archiveVersion = 1;
	classes = {
	};
	objectVersion = 52;
	objects = {

/* Begin PBXBuildFile section */
		B5112B512749627C00C703E6 /* AppDelegate.swift in Sources */ = {isa = PBXBuildFile; fileRef = B5112B502749627C00C703E6 /* AppDelegate.swift */; };
		B5112B532749627C00C703E6 /* SceneDelegate.swift in Sources */ = {isa = PBXBuildFile; fileRef = B5112B522749627C00C703E6 /* SceneDelegate.swift */; };
		B5112B552749627C00C703E6 /* ViewController.swift in Sources */ = {isa = PBXBuildFile; fileRef = B5112B542749627C00C703E6 /* ViewController.swift */; };
		B5112B5A2749627D00C703E6 /* Assets.xcassets in Resources */ = {isa = PBXBuildFile; fileRef = B5112B592749627D00C703E6 /* Assets.xcassets */; };
		B5112B5D2749627D00C703E6 /* LaunchScreen.storyboard in Resources */ = {isa = PBXBuildFile; fileRef = B5112B5B2749627D00C703E6 /* LaunchScreen.storyboard */; };
		B5112B82274965CB00C703E6 /* MyLogger1.framework in Frameworks */ = {isa = PBXBuildFile; fileRef = B5112B802749658600C703E6 /* MyLogger1.framework */; };
		B5112B83274965CB00C703E6 /* MyLogger1.framework in Embed Frameworks */ = {isa = PBXBuildFile; fileRef = B5112B802749658600C703E6 /* MyLogger1.framework */; settings = {ATTRIBUTES = (CodeSignOnCopy, RemoveHeadersOnCopy, ); }; };
		B5112B8D2749732E00C703E6 /* MyLogger2 in Frameworks */ = {isa = PBXBuildFile; productRef = B5112B8C2749732E00C703E6 /* MyLogger2 */; };
		EDFB67BB0D40AE117C7393EB /* Pods_mdleypunskiyPW6.framework in Frameworks */ = {isa = PBXBuildFile; fileRef = D1778C412C56AF12589093FE /* Pods_mdleypunskiyPW6.framework */; };
/* End PBXBuildFile section */

/* Begin PBXContainerItemProxy section */
		B5112B7F2749658600C703E6 /* PBXContainerItemProxy */ = {
			isa = PBXContainerItemProxy;
			containerPortal = B5112B7B2749658600C703E6 /* MyLogger1.xcodeproj */;
			proxyType = 2;
			remoteGlobalIDString = B5112B6E274964BC00C703E6;
			remoteInfo = MyLogger1;
		};
/* End PBXContainerItemProxy section */

/* Begin PBXCopyFilesBuildPhase section */
		B5112B84274965CB00C703E6 /* Embed Frameworks */ = {
			isa = PBXCopyFilesBuildPhase;
			buildActionMask = 2147483647;
			dstPath = "";
			dstSubfolderSpec = 10;
			files = (
				B5112B83274965CB00C703E6 /* MyLogger1.framework in Embed Frameworks */,
			);
			name = "Embed Frameworks";
			runOnlyForDeploymentPostprocessing = 0;
		};
/* End PBXCopyFilesBuildPhase section */

/* Begin PBXFileReference section */
		7EA87280941122755015A09E /* Pods-mdleypunskiyPW6.debug.xcconfig */ = {isa = PBXFileReference; includeInIndex = 1; lastKnownFileType = text.xcconfig; name = "Pods-mdleypunskiyPW6.debug.xcconfig"; path = "Target Support Files/Pods-mdleypunskiyPW6/Pods-mdleypunskiyPW6.debug.xcconfig"; sourceTree = "<group>"; };
		8CC25C5A1FF720F8B3CAA91E /* Pods-mdleypunskiyPW6.release.xcconfig */ = {isa = PBXFileReference; includeInIndex = 1; lastKnownFileType = text.xcconfig; name = "Pods-mdleypunskiyPW6.release.xcconfig"; path = "Target Support Files/Pods-mdleypunskiyPW6/Pods-mdleypunskiyPW6.release.xcconfig"; sourceTree = "<group>"; };
		B5112B4D2749627C00C703E6 /* mdleypunskiyPW6.app */ = {isa = PBXFileReference; explicitFileType = wrapper.application; includeInIndex = 0; path = mdleypunskiyPW6.app; sourceTree = BUILT_PRODUCTS_DIR; };
		B5112B502749627C00C703E6 /* AppDelegate.swift */ = {isa = PBXFileReference; lastKnownFileType = sourcecode.swift; path = AppDelegate.swift; sourceTree = "<group>"; };
		B5112B522749627C00C703E6 /* SceneDelegate.swift */ = {isa = PBXFileReference; lastKnownFileType = sourcecode.swift; path = SceneDelegate.swift; sourceTree = "<group>"; };
		B5112B542749627C00C703E6 /* ViewController.swift */ = {isa = PBXFileReference; lastKnownFileType = sourcecode.swift; path = ViewController.swift; sourceTree = "<group>"; };
		B5112B592749627D00C703E6 /* Assets.xcassets */ = {isa = PBXFileReference; lastKnownFileType = folder.assetcatalog; path = Assets.xcassets; sourceTree = "<group>"; };
		B5112B5C2749627D00C703E6 /* Base */ = {isa = PBXFileReference; lastKnownFileType = file.storyboard; name = Base; path = Base.lproj/LaunchScreen.storyboard; sourceTree = "<group>"; };
		B5112B5E2749627D00C703E6 /* Info.plist */ = {isa = PBXFileReference; lastKnownFileType = text.plist.xml; path = Info.plist; sourceTree = "<group>"; };
		B5112B7B2749658600C703E6 /* MyLogger1.xcodeproj */ = {isa = PBXFileReference; lastKnownFileType = "wrapper.pb-project"; name = MyLogger1.xcodeproj; path = ../MyLogger1/MyLogger1.xcodeproj; sourceTree = "<group>"; };
		B5112B8B2749730700C703E6 /* MyLogger2 */ = {isa = PBXFileReference; lastKnownFileType = folder; name = MyLogger2; path = ../MyLogger2; sourceTree = "<group>"; };
		D1778C412C56AF12589093FE /* Pods_mdleypunskiyPW6.framework */ = {isa = PBXFileReference; explicitFileType = wrapper.framework; includeInIndex = 0; path = Pods_mdleypunskiyPW6.framework; sourceTree = BUILT_PRODUCTS_DIR; };
/* End PBXFileReference section */

/* Begin PBXFrameworksBuildPhase section */
		B5112B4A2749627C00C703E6 /* Frameworks */ = {
			isa = PBXFrameworksBuildPhase;
			buildActionMask = 2147483647;
			files = (
				B5112B82274965CB00C703E6 /* MyLogger1.framework in Frameworks */,
				B5112B8D2749732E00C703E6 /* MyLogger2 in Frameworks */,
				EDFB67BB0D40AE117C7393EB /* Pods_mdleypunskiyPW6.framework in Frameworks */,
			);
			runOnlyForDeploymentPostprocessing = 0;
		};
/* End PBXFrameworksBuildPhase section */

/* Begin PBXGroup section */
		B5112B442749627C00C703E6 = {
			isa = PBXGroup;
			children = (
				B5112B8B2749730700C703E6 /* MyLogger2 */,
				B5112B7B2749658600C703E6 /* MyLogger1.xcodeproj */,
				B5112B4F2749627C00C703E6 /* mdleypunskiyPW6 */,
				B5112B4E2749627C00C703E6 /* Products */,
				B5112B81274965CB00C703E6 /* Frameworks */,
				DA5DADAEC0C9EBEC4E9772D1 /* Pods */,
			);
			sourceTree = "<group>";
		};
		B5112B4E2749627C00C703E6 /* Products */ = {
			isa = PBXGroup;
			children = (
				B5112B4D2749627C00C703E6 /* mdleypunskiyPW6.app */,
			);
			name = Products;
			sourceTree = "<group>";
		};
		B5112B4F2749627C00C703E6 /* mdleypunskiyPW6 */ = {
			isa = PBXGroup;
			children = (
				B5112B502749627C00C703E6 /* AppDelegate.swift */,
				B5112B522749627C00C703E6 /* SceneDelegate.swift */,
				B5112B542749627C00C703E6 /* ViewController.swift */,
				B5112B592749627D00C703E6 /* Assets.xcassets */,
				B5112B5B2749627D00C703E6 /* LaunchScreen.storyboard */,
				B5112B5E2749627D00C703E6 /* Info.plist */,
			);
			path = mdleypunskiyPW6;
			sourceTree = "<group>";
		};
		B5112B7C2749658600C703E6 /* Products */ = {
			isa = PBXGroup;
			children = (
				B5112B802749658600C703E6 /* MyLogger1.framework */,
			);
			name = Products;
			sourceTree = "<group>";
		};
		B5112B81274965CB00C703E6 /* Frameworks */ = {
			isa = PBXGroup;
			children = (
				D1778C412C56AF12589093FE /* Pods_mdleypunskiyPW6.framework */,
			);
			name = Frameworks;
			sourceTree = "<group>";
		};
		DA5DADAEC0C9EBEC4E9772D1 /* Pods */ = {
			isa = PBXGroup;
			children = (
				7EA87280941122755015A09E /* Pods-mdleypunskiyPW6.debug.xcconfig */,
				8CC25C5A1FF720F8B3CAA91E /* Pods-mdleypunskiyPW6.release.xcconfig */,
			);
			name = Pods;
			path = Pods;
			sourceTree = "<group>";
		};
/* End PBXGroup section */

/* Begin PBXNativeTarget section */
		B5112B4C2749627C00C703E6 /* mdleypunskiyPW6 */ = {
			isa = PBXNativeTarget;
			buildConfigurationList = B5112B612749627D00C703E6 /* Build configuration list for PBXNativeTarget "mdleypunskiyPW6" */;
			buildPhases = (
				F258EF3B5BA87602703F21E9 /* [CP] Check Pods Manifest.lock */,
				B5112B492749627C00C703E6 /* Sources */,
				B5112B4A2749627C00C703E6 /* Frameworks */,
				B5112B4B2749627C00C703E6 /* Resources */,
				B5112B84274965CB00C703E6 /* Embed Frameworks */,
				2182B444826DC2AD56978A83 /* [CP] Embed Pods Frameworks */,
			);
			buildRules = (
			);
			dependencies = (
			);
			name = mdleypunskiyPW6;
			packageProductDependencies = (
				B5112B8C2749732E00C703E6 /* MyLogger2 */,
			);
			productName = mdleypunskiyPW6;
			productReference = B5112B4D2749627C00C703E6 /* mdleypunskiyPW6.app */;
			productType = "com.apple.product-type.application";
		};
/* End PBXNativeTarget section */

/* Begin PBXProject section */
		B5112B452749627C00C703E6 /* Project object */ = {
			isa = PBXProject;
			attributes = {
				LastSwiftUpdateCheck = 1250;
				LastUpgradeCheck = 1250;
				TargetAttributes = {
					B5112B4C2749627C00C703E6 = {
						CreatedOnToolsVersion = 12.5.1;
					};
				};
			};
			buildConfigurationList = B5112B482749627C00C703E6 /* Build configuration list for PBXProject "mdleypunskiyPW6" */;
			compatibilityVersion = "Xcode 9.3";
			developmentRegion = en;
			hasScannedForEncodings = 0;
			knownRegions = (
				en,
				Base,
			);
			mainGroup = B5112B442749627C00C703E6;
			productRefGroup = B5112B4E2749627C00C703E6 /* Products */;
			projectDirPath = "";
			projectReferences = (
				{
					ProductGroup = B5112B7C2749658600C703E6 /* Products */;
					ProjectRef = B5112B7B2749658600C703E6 /* MyLogger1.xcodeproj */;
				},
			);
			projectRoot = "";
			targets = (
				B5112B4C2749627C00C703E6 /* mdleypunskiyPW6 */,
			);
		};
/* End PBXProject section */

/* Begin PBXReferenceProxy section */
		B5112B802749658600C703E6 /* MyLogger1.framework */ = {
			isa = PBXReferenceProxy;
			fileType = wrapper.framework;
			path = MyLogger1.framework;
			remoteRef = B5112B7F2749658600C703E6 /* PBXContainerItemProxy */;
			sourceTree = BUILT_PRODUCTS_DIR;
		};
/* End PBXReferenceProxy section */

/* Begin PBXResourcesBuildPhase section */
		B5112B4B2749627C00C703E6 /* Resources */ = {
			isa = PBXResourcesBuildPhase;
			buildActionMask = 2147483647;
			files = (
				B5112B5D2749627D00C703E6 /* LaunchScreen.storyboard in Resources */,
				B5112B5A2749627D00C703E6 /* Assets.xcassets in Resources */,
			);
			runOnlyForDeploymentPostprocessing = 0;
		};
/* End PBXResourcesBuildPhase section */

/* Begin PBXShellScriptBuildPhase section */
		2182B444826DC2AD56978A83 /* [CP] Embed Pods Frameworks */ = {
			isa = PBXShellScriptBuildPhase;
			buildActionMask = 2147483647;
			files = (
			);
			inputFileListPaths = (
				"${PODS_ROOT}/Target Support Files/Pods-mdleypunskiyPW6/Pods-mdleypunskiyPW6-frameworks-${CONFIGURATION}-input-files.xcfilelist",
			);
			name = "[CP] Embed Pods Frameworks";
			outputFileListPaths = (
				"${PODS_ROOT}/Target Support Files/Pods-mdleypunskiyPW6/Pods-mdleypunskiyPW6-frameworks-${CONFIGURATION}-output-files.xcfilelist",
			);
			runOnlyForDeploymentPostprocessing = 0;
			shellPath = /bin/sh;
			shellScript = "\"${PODS_ROOT}/Target Support Files/Pods-mdleypunskiyPW6/Pods-mdleypunskiyPW6-frameworks.sh\"\n";
			showEnvVarsInLog = 0;
		};
		F258EF3B5BA87602703F21E9 /* [CP] Check Pods Manifest.lock */ = {
			isa = PBXShellScriptBuildPhase;
			buildActionMask = 2147483647;
			files = (
			);
			inputFileListPaths = (
			);
			inputPaths = (
				"${PODS_PODFILE_DIR_PATH}/Podfile.lock",
				"${PODS_ROOT}/Manifest.lock",
			);
			name = "[CP] Check Pods Manifest.lock";
			outputFileListPaths = (
			);
			outputPaths = (
				"$(DERIVED_FILE_DIR)/Pods-mdleypunskiyPW6-checkManifestLockResult.txt",
			);
			runOnlyForDeploymentPostprocessing = 0;
			shellPath = /bin/sh;
			shellScript = "diff \"${PODS_PODFILE_DIR_PATH}/Podfile.lock\" \"${PODS_ROOT}/Manifest.lock\" > /dev/null\nif [ $? != 0 ] ; then\n    # print error to STDERR\n    echo \"error: The sandbox is not in sync with the Podfile.lock. Run 'pod install' or update your CocoaPods installation.\" >&2\n    exit 1\nfi\n# This output is used by Xcode 'outputs' to avoid re-running this script phase.\necho \"SUCCESS\" > \"${SCRIPT_OUTPUT_FILE_0}\"\n";
			showEnvVarsInLog = 0;
		};
/* End PBXShellScriptBuildPhase section */

/* Begin PBXSourcesBuildPhase section */
		B5112B492749627C00C703E6 /* Sources */ = {
			isa = PBXSourcesBuildPhase;
			buildActionMask = 2147483647;
			files = (
				B5112B552749627C00C703E6 /* ViewController.swift in Sources */,
				B5112B512749627C00C703E6 /* AppDelegate.swift in Sources */,
				B5112B532749627C00C703E6 /* SceneDelegate.swift in Sources */,
			);
			runOnlyForDeploymentPostprocessing = 0;
		};
/* End PBXSourcesBuildPhase section */

/* Begin PBXVariantGroup section */
		B5112B5B2749627D00C703E6 /* LaunchScreen.storyboard */ = {
			isa = PBXVariantGroup;
			children = (
				B5112B5C2749627D00C703E6 /* Base */,
			);
			name = LaunchScreen.storyboard;
			sourceTree = "<group>";
		};
/* End PBXVariantGroup section */

/* Begin XCBuildConfiguration section */
		B5112B5F2749627D00C703E6 /* Debug */ = {
			isa = XCBuildConfiguration;
			buildSettings = {
				ALWAYS_SEARCH_USER_PATHS = NO;
				CLANG_ANALYZER_NONNULL = YES;
				CLANG_ANALYZER_NUMBER_OBJECT_CONVERSION = YES_AGGRESSIVE;
				CLANG_CXX_LANGUAGE_STANDARD = "gnu++14";
				CLANG_CXX_LIBRARY = "libc++";
				CLANG_ENABLE_MODULES = YES;
				CLANG_ENABLE_OBJC_ARC = YES;
				CLANG_ENABLE_OBJC_WEAK = YES;
				CLANG_WARN_BLOCK_CAPTURE_AUTORELEASING = YES;
				CLANG_WARN_BOOL_CONVERSION = YES;
				CLANG_WARN_COMMA = YES;
				CLANG_WARN_CONSTANT_CONVERSION = YES;
				CLANG_WARN_DEPRECATED_OBJC_IMPLEMENTATIONS = YES;
				CLANG_WARN_DIRECT_OBJC_ISA_USAGE = YES_ERROR;
				CLANG_WARN_DOCUMENTATION_COMMENTS = YES;
				CLANG_WARN_EMPTY_BODY = YES;
				CLANG_WARN_ENUM_CONVERSION = YES;
				CLANG_WARN_INFINITE_RECURSION = YES;
				CLANG_WARN_INT_CONVERSION = YES;
				CLANG_WARN_NON_LITERAL_NULL_CONVERSION = YES;
				CLANG_WARN_OBJC_IMPLICIT_RETAIN_SELF = YES;
				CLANG_WARN_OBJC_LITERAL_CONVERSION = YES;
				CLANG_WARN_OBJC_ROOT_CLASS = YES_ERROR;
				CLANG_WARN_QUOTED_INCLUDE_IN_FRAMEWORK_HEADER = YES;
				CLANG_WARN_RANGE_LOOP_ANALYSIS = YES;
				CLANG_WARN_STRICT_PROTOTYPES = YES;
				CLANG_WARN_SUSPICIOUS_MOVE = YES;
				CLANG_WARN_UNGUARDED_AVAILABILITY = YES_AGGRESSIVE;
				CLANG_WARN_UNREACHABLE_CODE = YES;
				CLANG_WARN__DUPLICATE_METHOD_MATCH = YES;
				COPY_PHASE_STRIP = NO;
				DEBUG_INFORMATION_FORMAT = dwarf;
				ENABLE_STRICT_OBJC_MSGSEND = YES;
				ENABLE_TESTABILITY = YES;
				GCC_C_LANGUAGE_STANDARD = gnu11;
				GCC_DYNAMIC_NO_PIC = NO;
				GCC_NO_COMMON_BLOCKS = YES;
				GCC_OPTIMIZATION_LEVEL = 0;
				GCC_PREPROCESSOR_DEFINITIONS = (
					"DEBUG=1",
					"$(inherited)",
				);
				GCC_WARN_64_TO_32_BIT_CONVERSION = YES;
				GCC_WARN_ABOUT_RETURN_TYPE = YES_ERROR;
				GCC_WARN_UNDECLARED_SELECTOR = YES;
				GCC_WARN_UNINITIALIZED_AUTOS = YES_AGGRESSIVE;
				GCC_WARN_UNUSED_FUNCTION = YES;
				GCC_WARN_UNUSED_VARIABLE = YES;
				IPHONEOS_DEPLOYMENT_TARGET = 14.5;
				MTL_ENABLE_DEBUG_INFO = INCLUDE_SOURCE;
				MTL_FAST_MATH = YES;
				ONLY_ACTIVE_ARCH = YES;
				SDKROOT = iphoneos;
				SWIFT_ACTIVE_COMPILATION_CONDITIONS = DEBUG;
				SWIFT_OPTIMIZATION_LEVEL = "-Onone";
			};
			name = Debug;
		};
		B5112B602749627D00C703E6 /* Release */ = {
			isa = XCBuildConfiguration;
			buildSettings = {
				ALWAYS_SEARCH_USER_PATHS = NO;
				CLANG_ANALYZER_NONNULL = YES;
				CLANG_ANALYZER_NUMBER_OBJECT_CONVERSION = YES_AGGRESSIVE;
				CLANG_CXX_LANGUAGE_STANDARD = "gnu++14";
				CLANG_CXX_LIBRARY = "libc++";
				CLANG_ENABLE_MODULES = YES;
				CLANG_ENABLE_OBJC_ARC = YES;
				CLANG_ENABLE_OBJC_WEAK = YES;
				CLANG_WARN_BLOCK_CAPTURE_AUTORELEASING = YES;
				CLANG_WARN_BOOL_CONVERSION = YES;
				CLANG_WARN_COMMA = YES;
				CLANG_WARN_CONSTANT_CONVERSION = YES;
				CLANG_WARN_DEPRECATED_OBJC_IMPLEMENTATIONS = YES;
				CLANG_WARN_DIRECT_OBJC_ISA_USAGE = YES_ERROR;
				CLANG_WARN_DOCUMENTATION_COMMENTS = YES;
				CLANG_WARN_EMPTY_BODY = YES;
				CLANG_WARN_ENUM_CONVERSION = YES;
				CLANG_WARN_INFINITE_RECURSION = YES;
				CLANG_WARN_INT_CONVERSION = YES;
				CLANG_WARN_NON_LITERAL_NULL_CONVERSION = YES;
				CLANG_WARN_OBJC_IMPLICIT_RETAIN_SELF = YES;
				CLANG_WARN_OBJC_LITERAL_CONVERSION = YES;
				CLANG_WARN_OBJC_ROOT_CLASS = YES_ERROR;
				CLANG_WARN_QUOTED_INCLUDE_IN_FRAMEWORK_HEADER = YES;
				CLANG_WARN_RANGE_LOOP_ANALYSIS = YES;
				CLANG_WARN_STRICT_PROTOTYPES = YES;
				CLANG_WARN_SUSPICIOUS_MOVE = YES;
				CLANG_WARN_UNGUARDED_AVAILABILITY = YES_AGGRESSIVE;
				CLANG_WARN_UNREACHABLE_CODE = YES;
				CLANG_WARN__DUPLICATE_METHOD_MATCH = YES;
				COPY_PHASE_STRIP = NO;
				DEBUG_INFORMATION_FORMAT = "dwarf-with-dsym";
				ENABLE_NS_ASSERTIONS = NO;
				ENABLE_STRICT_OBJC_MSGSEND = YES;
				GCC_C_LANGUAGE_STANDARD = gnu11;
				GCC_NO_COMMON_BLOCKS = YES;
				GCC_WARN_64_TO_32_BIT_CONVERSION = YES;
				GCC_WARN_ABOUT_RETURN_TYPE = YES_ERROR;
				GCC_WARN_UNDECLARED_SELECTOR = YES;
				GCC_WARN_UNINITIALIZED_AUTOS = YES_AGGRESSIVE;
				GCC_WARN_UNUSED_FUNCTION = YES;
				GCC_WARN_UNUSED_VARIABLE = YES;
				IPHONEOS_DEPLOYMENT_TARGET = 14.5;
				MTL_ENABLE_DEBUG_INFO = NO;
				MTL_FAST_MATH = YES;
				SDKROOT = iphoneos;
				SWIFT_COMPILATION_MODE = wholemodule;
				SWIFT_OPTIMIZATION_LEVEL = "-O";
				VALIDATE_PRODUCT = YES;
			};
			name = Release;
		};
		B5112B622749627D00C703E6 /* Debug */ = {
			isa = XCBuildConfiguration;
			baseConfigurationReference = 7EA87280941122755015A09E /* Pods-mdleypunskiyPW6.debug.xcconfig */;
			buildSettings = {
				ASSETCATALOG_COMPILER_APPICON_NAME = AppIcon;
				ASSETCATALOG_COMPILER_GLOBAL_ACCENT_COLOR_NAME = AccentColor;
				CODE_SIGN_STYLE = Automatic;
				DEVELOPMENT_TEAM = 4Z3SGZ5ZPA;
				INFOPLIST_FILE = mdleypunskiyPW6/Info.plist;
				LD_RUNPATH_SEARCH_PATHS = (
					"$(inherited)",
					"@executable_path/Frameworks",
				);
				PRODUCT_BUNDLE_IDENTIFIER = hse.mdleypunskiyPW6;
				PRODUCT_NAME = "$(TARGET_NAME)";
				SWIFT_VERSION = 5.0;
				TARGETED_DEVICE_FAMILY = "1,2";
			};
			name = Debug;
		};
		B5112B632749627D00C703E6 /* Release */ = {
			isa = XCBuildConfiguration;
			baseConfigurationReference = 8CC25C5A1FF720F8B3CAA91E /* Pods-mdleypunskiyPW6.release.xcconfig */;
			buildSettings = {
				ASSETCATALOG_COMPILER_APPICON_NAME = AppIcon;
				ASSETCATALOG_COMPILER_GLOBAL_ACCENT_COLOR_NAME = AccentColor;
				CODE_SIGN_STYLE = Automatic;
				DEVELOPMENT_TEAM = 4Z3SGZ5ZPA;
				INFOPLIST_FILE = mdleypunskiyPW6/Info.plist;
				LD_RUNPATH_SEARCH_PATHS = (
					"$(inherited)",
					"@executable_path/Frameworks",
				);
				PRODUCT_BUNDLE_IDENTIFIER = hse.mdleypunskiyPW6;
				PRODUCT_NAME = "$(TARGET_NAME)";
				SWIFT_VERSION = 5.0;
				TARGETED_DEVICE_FAMILY = "1,2";
			};
			name = Release;
		};
/* End XCBuildConfiguration section */

/* Begin XCConfigurationList section */
		B5112B482749627C00C703E6 /* Build configuration list for PBXProject "mdleypunskiyPW6" */ = {
			isa = XCConfigurationList;
			buildConfigurations = (
				B5112B5F2749627D00C703E6 /* Debug */,
				B5112B602749627D00C703E6 /* Release */,
			);
			defaultConfigurationIsVisible = 0;
			defaultConfigurationName = Release;
		};
		B5112B612749627D00C703E6 /* Build configuration list for PBXNativeTarget "mdleypunskiyPW6" */ = {
			isa = XCConfigurationList;
			buildConfigurations = (
				B5112B622749627D00C703E6 /* Debug */,
				B5112B632749627D00C703E6 /* Release */,
			);
			defaultConfigurationIsVisible = 0;
			defaultConfigurationName = Release;
		};
/* End XCConfigurationList section */

/* Begin XCSwiftPackageProductDependency section */
		B5112B8C2749732E00C703E6 /* MyLogger2 */ = {
			isa = XCSwiftPackageProductDependency;
			productName = MyLogger2;
		};
/* End XCSwiftPackageProductDependency section */
	};
	rootObject = B5112B452749627C00C703E6 /* Project object */;
}
